PODS:
  - ZLSwipeableViewSwift (0.0.8)

DEPENDENCIES:
  - ZLSwipeableViewSwift (from `https://github.com/zhxnlai/ZLSwipeableViewSwift.git`, commit `18d6109`)

EXTERNAL SOURCES:
  ZLSwipeableViewSwift:
    :commit: 18d6109
    :git: https://github.com/zhxnlai/ZLSwipeableViewSwift.git

CHECKOUT OPTIONS:
  ZLSwipeableViewSwift:
    :commit: 18d6109
    :git: https://github.com/zhxnlai/ZLSwipeableViewSwift.git

SPEC CHECKSUMS:
  ZLSwipeableViewSwift: 488041f77089bfc03fe1419579ef32e976709f5d

PODFILE CHECKSUM: 28e81decb6fe7a6eadadd724e338e9ccb077fd66

COCOAPODS: 1.5.3
